
Microsoft Visual Studio Solution File, Format Version 12.00
# Visual Studio Version 17
VisualStudioVersion = 17.0.32112.339
MinimumVisualStudioVersion = 10.0.40219.1
Project("{9A19103F-16F7-4668-BE54-9A1E7A4F7556}") = "WebApi", "WebApi\WebApi.csproj", "{1351EA70-752A-46FD-9777-C964D916F5C4}"
EndProject
Project("{6EC3EE1D-3C4E-46DD-8F32-0CC8E7565705}") = "juri", "juri_-interpreter-_\juri.fsproj", "{A79228A5-D20B-4D83-B03E-800C855E4684}"
EndProject
Global
	GlobalSection(SolutionConfigurationPlatforms) = preSolution
		Debug|Any CPU = Debug|Any CPU
		Release|Any CPU = Release|Any CPU
	EndGlobalSection
	GlobalSection(ProjectConfigurationPlatforms) = postSolution
		{1351EA70-752A-46FD-9777-C964D916F5C4}.Debug|Any CPU.ActiveCfg = Debug|Any CPU
		{1351EA70-752A-46FD-9777-C964D916F5C4}.Debug|Any CPU.Build.0 = Debug|Any CPU
		{1351EA70-752A-46FD-9777-C964D916F5C4}.Release|Any CPU.ActiveCfg = Release|Any CPU
		{1351EA70-752A-46FD-9777-C964D916F5C4}.Release|Any CPU.Build.0 = Release|Any CPU
		{A79228A5-D20B-4D83-B03E-800C855E4684}.Debug|Any CPU.ActiveCfg = Debug|Any CPU
		{A79228A5-D20B-4D83-B03E-800C855E4684}.Debug|Any CPU.Build.0 = Debug|Any CPU
		{A79228A5-D20B-4D83-B03E-800C855E4684}.Release|Any CPU.ActiveCfg = Release|Any CPU
		{A79228A5-D20B-4D83-B03E-800C855E4684}.Release|Any CPU.Build.0 = Release|Any CPU
	EndGlobalSection
	GlobalSection(SolutionProperties) = preSolution
		HideSolutionNode = FALSE
	EndGlobalSection
	GlobalSection(ExtensibilityGlobals) = postSolution
		SolutionGuid = {A26BEE4E-CA8D-4796-92D4-103638E7E98D}
	EndGlobalSection
EndGlobal
